
Microsoft Visual Studio Solution File, Format Version 12.00
# Visual Studio Version 16
VisualStudioVersion = 16.0.31515.178
MinimumVisualStudioVersion = 10.0.40219.1
Project("{8BC9CEB8-8B4A-11D0-8D11-00A0C91BC942}") = "Project1", "Project1.vcxproj", "{32AD65FC-0D9E-437B-B125-106A0A761EEB}"
EndProject
Global
	GlobalSection(SolutionConfigurationPlatforms) = preSolution
		Debug|x64 = Debug|x64
		Debug|x86 = Debug|x86
		Release|x64 = Release|x64
		Release|x86 = Release|x86
	EndGlobalSection
	GlobalSection(ProjectConfigurationPlatforms) = postSolution
		{32AD65FC-0D9E-437B-B125-106A0A761EEB}.Debug|x64.ActiveCfg = Debug|x64
		{32AD65FC-0D9E-437B-B125-106A0A761EEB}.Debug|x64.Build.0 = Debug|x64
		{32AD65FC-0D9E-437B-B125-106A0A761EEB}.Debug|x86.ActiveCfg = Debug|Win32
		{32AD65FC-0D9E-437B-B125-106A0A761EEB}.Debug|x86.Build.0 = Debug|Win32
		{32AD65FC-0D9E-437B-B125-106A0A761EEB}.Release|x64.ActiveCfg = Release|x64
		{32AD65FC-0D9E-437B-B125-106A0A761EEB}.Release|x64.Build.0 = Release|x64
		{32AD65FC-0D9E-437B-B125-106A0A761EEB}.Release|x86.ActiveCfg = Release|Win32
		{32AD65FC-0D9E-437B-B125-106A0A761EEB}.Release|x86.Build.0 = Release|Win32
	EndGlobalSection
	GlobalSection(SolutionProperties) = preSolution
		HideSolutionNode = FALSE
	EndGlobalSection
	GlobalSection(ExtensibilityGlobals) = postSolution
		SolutionGuid = {830C65C4-4F27-4205-90F8-97B349D3EED7}
	EndGlobalSection
EndGlobal
