
Microsoft Visual Studio Solution File, Format Version 12.00
# Visual Studio Version 16
VisualStudioVersion = 16.0.31515.178
MinimumVisualStudioVersion = 10.0.40219.1
Project("{8BC9CEB8-8B4A-11D0-8D11-00A0C91BC942}") = "bigorsmall", "bigorsmall.vcxproj", "{BA13C6DF-3631-4F8F-8D31-7F3CD3686AC7}"
EndProject
Global
	GlobalSection(SolutionConfigurationPlatforms) = preSolution
		Debug|x64 = Debug|x64
		Debug|x86 = Debug|x86
		Release|x64 = Release|x64
		Release|x86 = Release|x86
	EndGlobalSection
	GlobalSection(ProjectConfigurationPlatforms) = postSolution
		{BA13C6DF-3631-4F8F-8D31-7F3CD3686AC7}.Debug|x64.ActiveCfg = Debug|x64
		{BA13C6DF-3631-4F8F-8D31-7F3CD3686AC7}.Debug|x64.Build.0 = Debug|x64
		{BA13C6DF-3631-4F8F-8D31-7F3CD3686AC7}.Debug|x86.ActiveCfg = Debug|Win32
		{BA13C6DF-3631-4F8F-8D31-7F3CD3686AC7}.Debug|x86.Build.0 = Debug|Win32
		{BA13C6DF-3631-4F8F-8D31-7F3CD3686AC7}.Release|x64.ActiveCfg = Release|x64
		{BA13C6DF-3631-4F8F-8D31-7F3CD3686AC7}.Release|x64.Build.0 = Release|x64
		{BA13C6DF-3631-4F8F-8D31-7F3CD3686AC7}.Release|x86.ActiveCfg = Release|Win32
		{BA13C6DF-3631-4F8F-8D31-7F3CD3686AC7}.Release|x86.Build.0 = Release|Win32
	EndGlobalSection
	GlobalSection(SolutionProperties) = preSolution
		HideSolutionNode = FALSE
	EndGlobalSection
	GlobalSection(ExtensibilityGlobals) = postSolution
		SolutionGuid = {00F4AE9E-66C9-4B7B-9BC7-DC9707AFF27C}
	EndGlobalSection
EndGlobal
